# This file is automatically @generated by Poetry 1.6.1 and should not be changed by hand.

[[package]]
name = "collections2"
version = "0.3.0"
description = "A set of improved data types inspired by the standard library's collections module."
optional = false
python-versions = "*"
files = [
    {file = "collections2-0.3.0.tar.gz", hash = "sha256:c474b07b46ae915f5598227ac77668c6ad74a9d58e526d658c3d2dbb13753454"},
]

[[package]]
name = "colorama"
version = "0.4.6"
description = "Cross-platform colored terminal text."
optional = false
python-versions = "!=3.0.*,!=3.1.*,!=3.2.*,!=3.3.*,!=3.4.*,!=3.5.*,!=3.6.*,>=2.7"
files = [
    {file = "colorama-0.4.6-py2.py3-none-any.whl", hash = "sha256:4f1d9991f5acc0ca119f9d443620b77f9d6b33703e51011c16baf57afb285fc6"},
    {file = "colorama-0.4.6.tar.gz", hash = "sha256:08695f5cb7ed6e0531a20572697297273c47b8cae5a63ffc6d6ed5c201be6e44"},
]

[[package]]
name = "contextlib2"
version = "21.6.0"
description = "Backports and enhancements for the contextlib module"
optional = false
python-versions = ">=3.6"
files = [
    {file = "contextlib2-21.6.0-py2.py3-none-any.whl", hash = "sha256:3fbdb64466afd23abaf6c977627b75b6139a5a3e8ce38405c5b413aed7a0471f"},
    {file = "contextlib2-21.6.0.tar.gz", hash = "sha256:ab1e2bfe1d01d968e1b7e8d9023bc51ef3509bba217bb730cee3827e1ee82869"},
]

[[package]]
name = "copy-env"
version = "0.1.2"
description = "A package to copy environment requirements from one venv to another."
optional = false
python-versions = "~=3.8"
files = [
    {file = "copy_env-0.1.2-py3-none-any.whl", hash = "sha256:3dc366cfee2db9323ed86b7ca0f6485069ccb001ecddde1119d0340596b399ed"},
    {file = "copy_env-0.1.2.tar.gz", hash = "sha256:dcac47f7a5953ef40daec46b73386ea1584ce1224bf84a3f835cb04f01ceb760"},
]

[package.dependencies]
pytest = "*"
pytest-virtualenv = "*"

[[package]]
name = "datetime"
version = "5.3"
description = "This package provides a DateTime data type, as known from Zope. Unless you need to communicate with Zope APIs, you're probably better off using Python's built-in datetime module."
optional = false
python-versions = ">=3.7"
files = [
    {file = "DateTime-5.3-py3-none-any.whl", hash = "sha256:05669f035ec7ccb24443bda8572078c381edf79c813186f627e9e8e5c6e8e6e6"},
    {file = "DateTime-5.3.tar.gz", hash = "sha256:4762a9b371ce696b7ffb82b869d2906fad94fdecdb1685bfbec1e2d8f37e5a98"},
]

[package.dependencies]
pytz = "*"
"zope.interface" = "*"

[[package]]
name = "distlib"
version = "0.3.7"
description = "Distribution utilities"
optional = false
python-versions = "*"
files = [
    {file = "distlib-0.3.7-py2.py3-none-any.whl", hash = "sha256:2e24928bc811348f0feb63014e97aaae3037f2cf48712d51ae61df7fd6075057"},
    {file = "distlib-0.3.7.tar.gz", hash = "sha256:9dafe54b34a028eafd95039d5e5d4851a13734540f1331060d31c9916e7147a8"},
]

[[package]]
name = "enum"
version = "0.4.7"
description = "Robust enumerated type support in Python."
optional = false
python-versions = "*"
files = [
    {file = "enum-0.4.7.tar.gz", hash = "sha256:8c7cf3587eda51008bcc1eed99ea2c331ccd265c231dbaa95ec5258d3dc03100"},
]

[package.dependencies]
setuptools = "*"

[[package]]
name = "everything-tkinter"
version = "0.2"
description = "Everything-Tkinter gives you everything you need for tkinter. Made by the creator of Pip-for-CMD."
optional = false
python-versions = ">=3"
files = [
    {file = "Everything-Tkinter-0.2.tar.gz", hash = "sha256:eccad39c3c30f2e4c87b678214c1cc17e255ddda8dc67bc984f5c047cd352556"},
    {file = "Everything_Tkinter-0.2-py3-none-any.whl", hash = "sha256:0121c4ad8a318d9f075af6dbe6306f0b940d8a24622e032ceeb32a9e818fe6bc"},
]

[[package]]
name = "exceptiongroup"
version = "1.1.3"
description = "Backport of PEP 654 (exception groups)"
optional = false
python-versions = ">=3.7"
files = [
    {file = "exceptiongroup-1.1.3-py3-none-any.whl", hash = "sha256:343280667a4585d195ca1cf9cef84a4e178c4b6cf2274caef9859782b567d5e3"},
    {file = "exceptiongroup-1.1.3.tar.gz", hash = "sha256:097acd85d473d75af5bb98e41b61ff7fe35efe6675e4f9370ec6ec5126d160e9"},
]

[package.extras]
test = ["pytest (>=6)"]

[[package]]
name = "execnet"
version = "2.0.2"
description = "execnet: rapid multi-Python deployment"
optional = false
python-versions = ">=3.7"
files = [
    {file = "execnet-2.0.2-py3-none-any.whl", hash = "sha256:88256416ae766bc9e8895c76a87928c0012183da3cc4fc18016e6f050e025f41"},
    {file = "execnet-2.0.2.tar.gz", hash = "sha256:cc59bc4423742fd71ad227122eb0dd44db51efb3dc4095b45ac9a08c770096af"},
]

[package.extras]
testing = ["hatch", "pre-commit", "pytest", "tox"]

[[package]]
name = "filelock"
version = "3.13.1"
description = "A platform independent file lock."
optional = false
python-versions = ">=3.8"
files = [
    {file = "filelock-3.13.1-py3-none-any.whl", hash = "sha256:57dbda9b35157b05fb3e58ee91448612eb674172fab98ee235ccb0b5bee19a1c"},
    {file = "filelock-3.13.1.tar.gz", hash = "sha256:521f5f56c50f8426f5e03ad3b281b490a87ef15bc6c526f168290f0c7148d44e"},
]

[package.extras]
docs = ["furo (>=2023.9.10)", "sphinx (>=7.2.6)", "sphinx-autodoc-typehints (>=1.24)"]
testing = ["covdefaults (>=2.3)", "coverage (>=7.3.2)", "diff-cover (>=8)", "pytest (>=7.4.3)", "pytest-cov (>=4.1)", "pytest-mock (>=3.12)", "pytest-timeout (>=2.2)"]
typing = ["typing-extensions (>=4.8)"]

[[package]]
name = "future"
version = "0.18.3"
description = "Clean single-source support for Python 3 and 2"
optional = false
python-versions = ">=2.6, !=3.0.*, !=3.1.*, !=3.2.*"
files = [
    {file = "future-0.18.3.tar.gz", hash = "sha256:34a17436ed1e96697a86f9de3d15a3b0be01d8bc8de9c1dffd59fb8234ed5307"},
]

[[package]]
name = "iniconfig"
version = "2.0.0"
description = "brain-dead simple config-ini parsing"
optional = false
python-versions = ">=3.7"
files = [
    {file = "iniconfig-2.0.0-py3-none-any.whl", hash = "sha256:b6a85871a79d2e3b22d2d1b94ac2824226a63c6b741c88f7ae975f18b6778374"},
    {file = "iniconfig-2.0.0.tar.gz", hash = "sha256:2d91e135bf72d31a410b17c16da610a82cb55f6b0477d1a902134b24a455b8b3"},
]

[[package]]
name = "logging"
version = "0.4.9.6"
description = "A logging module for Python"
optional = false
python-versions = "*"
files = [
    {file = "logging-0.4.9.6.tar.gz", hash = "sha256:26f6b50773f085042d301085bd1bf5d9f3735704db9f37c1ce6d8b85c38f2417"},
]

[[package]]
name = "mock"
version = "5.1.0"
description = "Rolling backport of unittest.mock for all Pythons"
optional = false
python-versions = ">=3.6"
files = [
    {file = "mock-5.1.0-py3-none-any.whl", hash = "sha256:18c694e5ae8a208cdb3d2c20a993ca1a7b0efa258c247a1e565150f477f83744"},
    {file = "mock-5.1.0.tar.gz", hash = "sha256:5e96aad5ccda4718e0a229ed94b2024df75cc2d55575ba5762d31f5767b8767d"},
]

[package.extras]
build = ["blurb", "twine", "wheel"]
docs = ["sphinx"]
test = ["pytest", "pytest-cov"]

[[package]]
name = "packaging"
version = "23.2"
description = "Core utilities for Python packages"
optional = false
python-versions = ">=3.7"
files = [
    {file = "packaging-23.2-py3-none-any.whl", hash = "sha256:8c491190033a9af7e1d931d0b5dacc2ef47509b34dd0de67ed209b5203fc88c7"},
    {file = "packaging-23.2.tar.gz", hash = "sha256:048fb0e9405036518eaaf48a55953c750c11e1a1b68e0dd1a9d62ed0c092cfc5"},
]

[[package]]
name = "path"
version = "16.7.1"
description = "A module wrapper for os.path"
optional = false
python-versions = ">=3.8"
files = [
    {file = "path-16.7.1-py3-none-any.whl", hash = "sha256:57f6ac8209c2b8fd3c515cf013e3b288af43460dddacf1d0249839aabcc14517"},
    {file = "path-16.7.1.tar.gz", hash = "sha256:2b477f5887033f3cbea1cfd8553ee6a6a498eb2540a19f4aa082822aadcea30a"},
]

[package.extras]
docs = ["furo", "jaraco.packaging (>=9.3)", "jaraco.tidelift (>=1.4)", "rst.linker (>=1.9)", "sphinx (>=3.5)", "sphinx-lint"]
testing = ["appdirs", "packaging", "pygments", "pytest (>=6)", "pytest-black (>=0.3.7)", "pytest-checkdocs (>=2.4)", "pytest-cov", "pytest-enabler (>=2.2)", "pytest-mypy (>=0.9.1)", "pytest-ruff", "pywin32"]

[[package]]
name = "path-py"
version = "12.5.0"
description = "A module wrapper for os.path"
optional = false
python-versions = ">=3.5"
files = [
    {file = "path.py-12.5.0-py3-none-any.whl", hash = "sha256:a43e82eb2c344c3fd0b9d6352f6b856f40b8b7d3d65cc05978b42c3715668496"},
    {file = "path.py-12.5.0.tar.gz", hash = "sha256:8d885e8b2497aed005703d94e0fd97943401f035e42a136810308bff034529a8"},
]

[package.dependencies]
path = "*"

[package.extras]
docs = ["jaraco.packaging (>=3.2)", "rst.linker (>=1.9)", "sphinx"]
testing = ["appdirs", "packaging", "pygments", "pytest (>=3.5,!=3.7.3)", "pytest-black-multipy", "pytest-checkdocs (>=1.2.3)", "pytest-cov", "pytest-flake8"]

[[package]]
name = "platformdirs"
version = "3.11.0"
description = "A small Python package for determining appropriate platform-specific dirs, e.g. a \"user data dir\"."
optional = false
python-versions = ">=3.7"
files = [
    {file = "platformdirs-3.11.0-py3-none-any.whl", hash = "sha256:e9d171d00af68be50e9202731309c4e658fd8bc76f55c11c7dd760d023bda68e"},
    {file = "platformdirs-3.11.0.tar.gz", hash = "sha256:cf8ee52a3afdb965072dcc652433e0c7e3e40cf5ea1477cd4b3b1d2eb75495b3"},
]

[package.extras]
docs = ["furo (>=2023.7.26)", "proselint (>=0.13)", "sphinx (>=7.1.1)", "sphinx-autodoc-typehints (>=1.24)"]
test = ["appdirs (==1.4.4)", "covdefaults (>=2.3)", "pytest (>=7.4)", "pytest-cov (>=4.1)", "pytest-mock (>=3.11.1)"]

[[package]]
name = "pluggy"
version = "1.3.0"
description = "plugin and hook calling mechanisms for python"
optional = false
python-versions = ">=3.8"
files = [
    {file = "pluggy-1.3.0-py3-none-any.whl", hash = "sha256:d89c696a773f8bd377d18e5ecda92b7a3793cbe66c87060a6fb58c7b6e1061f7"},
    {file = "pluggy-1.3.0.tar.gz", hash = "sha256:cf61ae8f126ac6f7c451172cf30e3e43d3ca77615509771b3a984a0730651e12"},
]

[package.extras]
dev = ["pre-commit", "tox"]
testing = ["pytest", "pytest-benchmark"]

[[package]]
name = "pytest"
version = "7.4.3"
description = "pytest: simple powerful testing with Python"
optional = false
python-versions = ">=3.7"
files = [
    {file = "pytest-7.4.3-py3-none-any.whl", hash = "sha256:0d009c083ea859a71b76adf7c1d502e4bc170b80a8ef002da5806527b9591fac"},
    {file = "pytest-7.4.3.tar.gz", hash = "sha256:d989d136982de4e3b29dabcc838ad581c64e8ed52c11fbe86ddebd9da0818cd5"},
]

[package.dependencies]
colorama = {version = "*", markers = "sys_platform == \"win32\""}
exceptiongroup = {version = ">=1.0.0rc8", markers = "python_version < \"3.11\""}
iniconfig = "*"
packaging = "*"
pluggy = ">=0.12,<2.0"
tomli = {version = ">=1.0.0", markers = "python_version < \"3.11\""}

[package.extras]
testing = ["argcomplete", "attrs (>=19.2.0)", "hypothesis (>=3.56)", "mock", "nose", "pygments (>=2.7.2)", "requests", "setuptools", "xmlschema"]

[[package]]
name = "pytest-fixture-config"
version = "1.7.0"
description = "Fixture configuration utils for py.test"
optional = false
python-versions = "*"
files = [
    {file = "pytest-fixture-config-1.7.0.tar.gz", hash = "sha256:41a17417721f6862ce6b40e3280fddd8e1659b2c306ec46b237d7021fec5218e"},
    {file = "pytest_fixture_config-1.7.0-py2.py3-none-any.whl", hash = "sha256:a0e35e239e70fa12614bbe9ca51d3238fbeb89519deb80cd365b487665a666b0"},
]

[package.dependencies]
pytest = "*"

[package.extras]
tests = ["six"]

[[package]]
name = "pytest-shutil"
version = "1.7.0"
description = "A goodie-bag of unix shell and environment tools for py.test"
optional = false
python-versions = "*"
files = [
    {file = "pytest-shutil-1.7.0.tar.gz", hash = "sha256:d8165261de76e7508505c341d94c02b113dc963f274543abca74dbfabd021261"},
    {file = "pytest_shutil-1.7.0-py2.py3-none-any.whl", hash = "sha256:b3568a675cb092c9b15c789ebd3046b79cfaca476868939748729d14557a98ff"},
]

[package.dependencies]
contextlib2 = "*"
execnet = "*"
mock = "*"
"path.py" = "*"
pytest = "*"
six = "*"
termcolor = "*"

[package.extras]
tests = ["pytest"]

[[package]]
name = "pytest-virtualenv"
version = "1.7.0"
description = "Virtualenv fixture for py.test"
optional = false
python-versions = "*"
files = [
    {file = "pytest-virtualenv-1.7.0.tar.gz", hash = "sha256:2270ee8822111ec25db48e9d9f2efec32e68483a015b14cd0d92aeccc6ff820f"},
    {file = "pytest_virtualenv-1.7.0-py2.py3-none-any.whl", hash = "sha256:fee44d423701d6ab550b202aa8e45ccda77bfe8e72c4318a8f43e6af553ad502"},
]

[package.dependencies]
pytest = "*"
pytest-fixture-config = "*"
pytest-shutil = "*"
virtualenv = "*"

[package.extras]
tests = ["mock"]

[[package]]
name = "pytz"
version = "2023.3.post1"
description = "World timezone definitions, modern and historical"
optional = false
python-versions = "*"
files = [
    {file = "pytz-2023.3.post1-py2.py3-none-any.whl", hash = "sha256:ce42d816b81b68506614c11e8937d3aa9e41007ceb50bfdcb0749b921bf646c7"},
    {file = "pytz-2023.3.post1.tar.gz", hash = "sha256:7b4fddbeb94a1eba4b557da24f19fdf9db575192544270a9101d8509f9f43d7b"},
]

[[package]]
name = "random2"
version = "1.0.1"
description = "Python 3 compatible Pytohn 2 `random` Module."
optional = false
python-versions = "*"
files = [
    {file = "random2-1.0.1.zip", hash = "sha256:34ad30aac341039872401595df9ab2c9dc36d0b7c077db1cea9ade430ed1c007"},
]

[[package]]
name = "setuptools"
version = "68.2.2"
description = "Easily download, build, install, upgrade, and uninstall Python packages"
optional = false
python-versions = ">=3.8"
files = [
    {file = "setuptools-68.2.2-py3-none-any.whl", hash = "sha256:b454a35605876da60632df1a60f736524eb73cc47bbc9f3f1ef1b644de74fd2a"},
    {file = "setuptools-68.2.2.tar.gz", hash = "sha256:4ac1475276d2f1c48684874089fefcd83bd7162ddaafb81fac866ba0db282a87"},
]

[package.extras]
docs = ["furo", "jaraco.packaging (>=9.3)", "jaraco.tidelift (>=1.4)", "pygments-github-lexers (==0.0.5)", "rst.linker (>=1.9)", "sphinx (>=3.5)", "sphinx-favicon", "sphinx-hoverxref (<2)", "sphinx-inline-tabs", "sphinx-lint", "sphinx-notfound-page (>=1,<2)", "sphinx-reredirects", "sphinxcontrib-towncrier"]
testing = ["build[virtualenv]", "filelock (>=3.4.0)", "flake8-2020", "ini2toml[lite] (>=0.9)", "jaraco.develop (>=7.21)", "jaraco.envs (>=2.2)", "jaraco.path (>=3.2.0)", "pip (>=19.1)", "pytest (>=6)", "pytest-black (>=0.3.7)", "pytest-checkdocs (>=2.4)", "pytest-cov", "pytest-enabler (>=2.2)", "pytest-mypy (>=0.9.1)", "pytest-perf", "pytest-ruff", "pytest-timeout", "pytest-xdist", "tomli-w (>=1.0.0)", "virtualenv (>=13.0.0)", "wheel"]
testing-integration = ["build[virtualenv] (>=1.0.3)", "filelock (>=3.4.0)", "jaraco.envs (>=2.2)", "jaraco.path (>=3.2.0)", "packaging (>=23.1)", "pytest", "pytest-enabler", "pytest-xdist", "tomli", "virtualenv (>=13.0.0)", "wheel"]

[[package]]
name = "six"
version = "1.16.0"
description = "Python 2 and 3 compatibility utilities"
optional = false
python-versions = ">=2.7, !=3.0.*, !=3.1.*, !=3.2.*"
files = [
    {file = "six-1.16.0-py2.py3-none-any.whl", hash = "sha256:8abb2f1d86890a2dfb989f9a77cfcfd3e47c2a354b01111771326f8aa26e0254"},
    {file = "six-1.16.0.tar.gz", hash = "sha256:1e61c37477a1626458e36f7b1d82aa5c9b094fa4802892072e49de9c60c4c926"},
]

[[package]]
name = "sqlite3-0611"
version = "0.0.1"
description = "Data management package by using sqlite3."
optional = false
python-versions = "*"
files = [
    {file = "SQLite3_0611-0.0.1-py3-none-any.whl", hash = "sha256:99d3662f418e5c1a1b81b5486d829eb511e5aee329cf31df945218d2a5b4b324"},
    {file = "SQLite3_0611-0.0.1.tar.gz", hash = "sha256:adc184137509bb30045a3be6dbf75faf918666735154d2f19dd1140d0254ddc5"},
]

[[package]]
name = "termcolor"
version = "2.3.0"
description = "ANSI color formatting for output in terminal"
optional = false
python-versions = ">=3.7"
files = [
    {file = "termcolor-2.3.0-py3-none-any.whl", hash = "sha256:3afb05607b89aed0ffe25202399ee0867ad4d3cb4180d98aaf8eefa6a5f7d475"},
    {file = "termcolor-2.3.0.tar.gz", hash = "sha256:b5b08f68937f138fe92f6c089b99f1e2da0ae56c52b78bf7075fd95420fd9a5a"},
]

[package.extras]
tests = ["pytest", "pytest-cov"]

[[package]]
name = "tomli"
version = "2.0.1"
description = "A lil' TOML parser"
optional = false
python-versions = ">=3.7"
files = [
    {file = "tomli-2.0.1-py3-none-any.whl", hash = "sha256:939de3e7a6161af0c887ef91b7d41a53e7c5a1ca976325f429cb46ea9bc30ecc"},
    {file = "tomli-2.0.1.tar.gz", hash = "sha256:de526c12914f0c550d15924c62d72abc48d6fe7364aa87328337a31007fe8a4f"},
]

[[package]]
name = "virtualenv"
version = "20.24.6"
description = "Virtual Python Environment builder"
optional = false
python-versions = ">=3.7"
files = [
    {file = "virtualenv-20.24.6-py3-none-any.whl", hash = "sha256:520d056652454c5098a00c0f073611ccbea4c79089331f60bf9d7ba247bb7381"},
    {file = "virtualenv-20.24.6.tar.gz", hash = "sha256:02ece4f56fbf939dbbc33c0715159951d6bf14aaf5457b092e4548e1382455af"},
]

[package.dependencies]
distlib = ">=0.3.7,<1"
filelock = ">=3.12.2,<4"
platformdirs = ">=3.9.1,<4"

[package.extras]
docs = ["furo (>=2023.7.26)", "proselint (>=0.13)", "sphinx (>=7.1.2)", "sphinx-argparse (>=0.4)", "sphinxcontrib-towncrier (>=0.2.1a0)", "towncrier (>=23.6)"]
test = ["covdefaults (>=2.3)", "coverage (>=7.2.7)", "coverage-enable-subprocess (>=1)", "flaky (>=3.7)", "packaging (>=23.1)", "pytest (>=7.4)", "pytest-env (>=0.8.2)", "pytest-freezer (>=0.4.8)", "pytest-mock (>=3.11.1)", "pytest-randomly (>=3.12)", "pytest-timeout (>=2.1)", "setuptools (>=68)", "time-machine (>=2.10)"]

[[package]]
name = "zope-interface"
version = "6.1"
description = "Interfaces for Python"
optional = false
python-versions = ">=3.7"
files = [
    {file = "zope.interface-6.1-cp310-cp310-macosx_10_9_x86_64.whl", hash = "sha256:43b576c34ef0c1f5a4981163b551a8781896f2a37f71b8655fd20b5af0386abb"},
    {file = "zope.interface-6.1-cp310-cp310-macosx_11_0_arm64.whl", hash = "sha256:67be3ca75012c6e9b109860820a8b6c9a84bfb036fbd1076246b98e56951ca92"},
    {file = "zope.interface-6.1-cp310-cp310-manylinux_2_17_aarch64.manylinux2014_aarch64.whl", hash = "sha256:9b9bc671626281f6045ad61d93a60f52fd5e8209b1610972cf0ef1bbe6d808e3"},
    {file = "zope.interface-6.1-cp310-cp310-manylinux_2_5_i686.manylinux1_i686.manylinux_2_17_i686.manylinux2014_i686.whl", hash = "sha256:bbe81def9cf3e46f16ce01d9bfd8bea595e06505e51b7baf45115c77352675fd"},
    {file = "zope.interface-6.1-cp310-cp310-manylinux_2_5_x86_64.manylinux1_x86_64.manylinux_2_17_x86_64.manylinux2014_x86_64.whl", hash = "sha256:6dc998f6de015723196a904045e5a2217f3590b62ea31990672e31fbc5370b41"},
    {file = "zope.interface-6.1-cp310-cp310-win_amd64.whl", hash = "sha256:239a4a08525c080ff833560171d23b249f7f4d17fcbf9316ef4159f44997616f"},
    {file = "zope.interface-6.1-cp311-cp311-macosx_10_9_x86_64.whl", hash = "sha256:9ffdaa5290422ac0f1688cb8adb1b94ca56cee3ad11f29f2ae301df8aecba7d1"},
    {file = "zope.interface-6.1-cp311-cp311-macosx_11_0_arm64.whl", hash = "sha256:34c15ca9248f2e095ef2e93af2d633358c5f048c49fbfddf5fdfc47d5e263736"},
    {file = "zope.interface-6.1-cp311-cp311-manylinux_2_17_aarch64.manylinux2014_aarch64.whl", hash = "sha256:b012d023b4fb59183909b45d7f97fb493ef7a46d2838a5e716e3155081894605"},
    {file = "zope.interface-6.1-cp311-cp311-manylinux_2_5_i686.manylinux1_i686.manylinux_2_17_i686.manylinux2014_i686.whl", hash = "sha256:97806e9ca3651588c1baaebb8d0c5ee3db95430b612db354c199b57378312ee8"},
    {file = "zope.interface-6.1-cp311-cp311-manylinux_2_5_x86_64.manylinux1_x86_64.manylinux_2_17_x86_64.manylinux2014_x86_64.whl", hash = "sha256:fddbab55a2473f1d3b8833ec6b7ac31e8211b0aa608df5ab09ce07f3727326de"},
    {file = "zope.interface-6.1-cp311-cp311-win_amd64.whl", hash = "sha256:a0da79117952a9a41253696ed3e8b560a425197d4e41634a23b1507efe3273f1"},
    {file = "zope.interface-6.1-cp312-cp312-macosx_10_9_x86_64.whl", hash = "sha256:e8bb9c990ca9027b4214fa543fd4025818dc95f8b7abce79d61dc8a2112b561a"},
    {file = "zope.interface-6.1-cp312-cp312-macosx_11_0_arm64.whl", hash = "sha256:b51b64432eed4c0744241e9ce5c70dcfecac866dff720e746d0a9c82f371dfa7"},
    {file = "zope.interface-6.1-cp312-cp312-manylinux_2_17_aarch64.manylinux2014_aarch64.whl", hash = "sha256:aa6fd016e9644406d0a61313e50348c706e911dca29736a3266fc9e28ec4ca6d"},
    {file = "zope.interface-6.1-cp312-cp312-manylinux_2_5_i686.manylinux1_i686.manylinux_2_17_i686.manylinux2014_i686.whl", hash = "sha256:0c8cf55261e15590065039696607f6c9c1aeda700ceee40c70478552d323b3ff"},
    {file = "zope.interface-6.1-cp312-cp312-manylinux_2_5_x86_64.manylinux1_x86_64.manylinux_2_17_x86_64.manylinux2014_x86_64.whl", hash = "sha256:e30506bcb03de8983f78884807e4fd95d8db6e65b69257eea05d13d519b83ac0"},
    {file = "zope.interface-6.1-cp312-cp312-win_amd64.whl", hash = "sha256:e33e86fd65f369f10608b08729c8f1c92ec7e0e485964670b4d2633a4812d36b"},
    {file = "zope.interface-6.1-cp37-cp37m-macosx_11_0_x86_64.whl", hash = "sha256:2f8d89721834524a813f37fa174bac074ec3d179858e4ad1b7efd4401f8ac45d"},
    {file = "zope.interface-6.1-cp37-cp37m-manylinux_2_17_aarch64.manylinux2014_aarch64.whl", hash = "sha256:13b7d0f2a67eb83c385880489dbb80145e9d344427b4262c49fbf2581677c11c"},
    {file = "zope.interface-6.1-cp37-cp37m-manylinux_2_5_i686.manylinux1_i686.manylinux_2_17_i686.manylinux2014_i686.whl", hash = "sha256:ef43ee91c193f827e49599e824385ec7c7f3cd152d74cb1dfe02cb135f264d83"},
    {file = "zope.interface-6.1-cp37-cp37m-manylinux_2_5_x86_64.manylinux1_x86_64.manylinux_2_17_x86_64.manylinux2014_x86_64.whl", hash = "sha256:e441e8b7d587af0414d25e8d05e27040d78581388eed4c54c30c0c91aad3a379"},
    {file = "zope.interface-6.1-cp37-cp37m-win_amd64.whl", hash = "sha256:f89b28772fc2562ed9ad871c865f5320ef761a7fcc188a935e21fe8b31a38ca9"},
    {file = "zope.interface-6.1-cp38-cp38-macosx_10_9_x86_64.whl", hash = "sha256:70d2cef1bf529bff41559be2de9d44d47b002f65e17f43c73ddefc92f32bf00f"},
    {file = "zope.interface-6.1-cp38-cp38-macosx_11_0_arm64.whl", hash = "sha256:ad54ed57bdfa3254d23ae04a4b1ce405954969c1b0550cc2d1d2990e8b439de1"},
    {file = "zope.interface-6.1-cp38-cp38-manylinux_2_17_aarch64.manylinux2014_aarch64.whl", hash = "sha256:ef467d86d3cfde8b39ea1b35090208b0447caaabd38405420830f7fd85fbdd56"},
    {file = "zope.interface-6.1-cp38-cp38-manylinux_2_5_i686.manylinux1_i686.manylinux_2_17_i686.manylinux2014_i686.whl", hash = "sha256:6af47f10cfc54c2ba2d825220f180cc1e2d4914d783d6fc0cd93d43d7bc1c78b"},
    {file = "zope.interface-6.1-cp38-cp38-manylinux_2_5_x86_64.manylinux1_x86_64.manylinux_2_17_x86_64.manylinux2014_x86_64.whl", hash = "sha256:c9559138690e1bd4ea6cd0954d22d1e9251e8025ce9ede5d0af0ceae4a401e43"},
    {file = "zope.interface-6.1-cp38-cp38-win_amd64.whl", hash = "sha256:964a7af27379ff4357dad1256d9f215047e70e93009e532d36dcb8909036033d"},
    {file = "zope.interface-6.1-cp39-cp39-macosx_10_9_x86_64.whl", hash = "sha256:387545206c56b0315fbadb0431d5129c797f92dc59e276b3ce82db07ac1c6179"},
    {file = "zope.interface-6.1-cp39-cp39-macosx_11_0_arm64.whl", hash = "sha256:57d0a8ce40ce440f96a2c77824ee94bf0d0925e6089df7366c2272ccefcb7941"},
    {file = "zope.interface-6.1-cp39-cp39-manylinux_2_17_aarch64.manylinux2014_aarch64.whl", hash = "sha256:7ebc4d34e7620c4f0da7bf162c81978fce0ea820e4fa1e8fc40ee763839805f3"},
    {file = "zope.interface-6.1-cp39-cp39-manylinux_2_5_i686.manylinux1_i686.manylinux_2_17_i686.manylinux2014_i686.whl", hash = "sha256:5a804abc126b33824a44a7aa94f06cd211a18bbf31898ba04bd0924fbe9d282d"},
    {file = "zope.interface-6.1-cp39-cp39-manylinux_2_5_x86_64.manylinux1_x86_64.manylinux_2_17_x86_64.manylinux2014_x86_64.whl", hash = "sha256:1f294a15f7723fc0d3b40701ca9b446133ec713eafc1cc6afa7b3d98666ee1ac"},
    {file = "zope.interface-6.1-cp39-cp39-win_amd64.whl", hash = "sha256:a41f87bb93b8048fe866fa9e3d0c51e27fe55149035dcf5f43da4b56732c0a40"},
    {file = "zope.interface-6.1.tar.gz", hash = "sha256:2fdc7ccbd6eb6b7df5353012fbed6c3c5d04ceaca0038f75e601060e95345309"},
]

[package.dependencies]
setuptools = "*"

[package.extras]
docs = ["Sphinx", "repoze.sphinx.autointerface", "sphinx-rtd-theme"]
test = ["coverage (>=5.0.3)", "zope.event", "zope.testing"]
testing = ["coverage (>=5.0.3)", "zope.event", "zope.testing"]

[metadata]
lock-version = "2.0"
python-versions = "^3.10"
content-hash = "0d79d1dfda596aabe8ded51a64eccc14515c7450a516d4711d9b8ce7cd903c82"
